
Microsoft Visual Studio Solution File, Format Version 12.00
Project("{FAE04EC0-301F-11D3-BF4B-00C04F79EFBC}") = "WpfApp20", "WpfApp20\WpfApp20.csproj", "{5CBCBDFD-F20A-4730-847D-9DC97F5BEF64}"
EndProject
Global
	GlobalSection(SolutionConfigurationPlatforms) = preSolution
		Debug|Any CPU = Debug|Any CPU
		Release|Any CPU = Release|Any CPU
	EndGlobalSection
	GlobalSection(ProjectConfigurationPlatforms) = postSolution
		{5CBCBDFD-F20A-4730-847D-9DC97F5BEF64}.Debug|Any CPU.ActiveCfg = Debug|Any CPU
		{5CBCBDFD-F20A-4730-847D-9DC97F5BEF64}.Debug|Any CPU.Build.0 = Debug|Any CPU
		{5CBCBDFD-F20A-4730-847D-9DC97F5BEF64}.Release|Any CPU.ActiveCfg = Release|Any CPU
		{5CBCBDFD-F20A-4730-847D-9DC97F5BEF64}.Release|Any CPU.Build.0 = Release|Any CPU
	EndGlobalSection
EndGlobal
